{
    "_meta": {
        "hash": {
            "sha256": "560e6e7d7dc88e2311bad045317e2c4ceb58edc71a67d73b1bc3d652ba3f6dee"
        },
        "pipfile-spec": 6,
        "requires": {
            "python_version": "3.10"
        },
        "sources": [
            {
                "name": "pypi",
                "url": "https://pypi.org/simple",
                "verify_ssl": true
            }
        ]
    },
    "default": {
        "awscli": {
            "hashes": [
                "sha256:8433696101572b2d7dff9c8b60f3d6355308d9b758fe4765747a4cff12eeef88",
                "sha256:b3309b5e76f8c95904a071088ef6e8a3dee3f03ddd941807176f1cdf044b7496"
            ],
            "index": "pypi",
            "version": "==1.25.2"
        },
        "botocore": {
            "hashes": [
                "sha256:131f71fe16ef84f9e0e72c54d2e230a6d8e79dd3947f507259a129649649a35d",
                "sha256:b7cdd4f4a6395a084a381a7d2a25b177e6de5f8a4dfa3c645ec957ba3c83e200"
            ],
            "markers": "python_version >= '3.7'",
            "version": "==1.27.2"
        },
        "colorama": {
            "hashes": [
                "sha256:5941b2b48a20143d2267e95b1c2a7603ce057ee39fd88e7329b0c292aa16869b",
                "sha256:9f47eda37229f68eee03b24b9748937c7dc3868f906e8ba69fbcbdd3bc5dc3e2"
            ],
            "markers": "python_version >= '2.7' and python_version not in '3.0, 3.1, 3.2, 3.3, 3.4'",
            "version": "==0.4.4"
        },
        "docutils": {
            "hashes": [
                "sha256:0c5b78adfbf7762415433f5515cd5c9e762339e23369dbe8000d84a4bf4ab3af",
                "sha256:c2de3a60e9e7d07be26b7f2b00ca0309c207e06c100f9cc2a94931fc75a478fc"
            ],
            "markers": "python_version >= '2.7' and python_version not in '3.0, 3.1, 3.2, 3.3, 3.4'",
            "version": "==0.16"
        },
        "flake8": {
            "hashes": [
                "sha256:479b1304f72536a55948cb40a32dce8bb0ffe3501e26eaf292c7e60eb5e0428d",
                "sha256:806e034dda44114815e23c16ef92f95c91e4c71100ff52813adf7132a6ad870d"
            ],
            "index": "pypi",
            "version": "==4.0.1"
        },
        "jmespath": {
            "hashes": [
                "sha256:a490e280edd1f57d6de88636992d05b71e97d69a26a19f058ecf7d304474bf5e",
                "sha256:e8dcd576ed616f14ec02eed0005c85973b5890083313860136657e24784e4c04"
            ],
            "markers": "python_version >= '3.7'",
            "version": "==1.0.0"
        },
        "mccabe": {
            "hashes": [
                "sha256:ab8a6258860da4b6677da4bd2fe5dc2c659cff31b3ee4f7f5d64e79735b80d42",
                "sha256:dd8d182285a0fe56bace7f45b5e7d1a6ebcbf524e8f3bd87eb0f125271b8831f"
            ],
            "version": "==0.6.1"
        },
        "pyasn1": {
            "hashes": [
                "sha256:014c0e9976956a08139dc0712ae195324a75e142284d5f87f1a87ee1b068a359",
                "sha256:03840c999ba71680a131cfaee6fab142e1ed9bbd9c693e285cc6aca0d555e576",
                "sha256:0458773cfe65b153891ac249bcf1b5f8f320b7c2ce462151f8fa74de8934becf",
                "sha256:08c3c53b75eaa48d71cf8c710312316392ed40899cb34710d092e96745a358b7",
                "sha256:39c7e2ec30515947ff4e87fb6f456dfc6e84857d34be479c9d4a4ba4bf46aa5d",
                "sha256:5c9414dcfede6e441f7e8f81b43b34e834731003427e5b09e4e00e3172a10f00",
                "sha256:6e7545f1a61025a4e58bb336952c5061697da694db1cae97b116e9c46abcf7c8",
                "sha256:78fa6da68ed2727915c4767bb386ab32cdba863caa7dbe473eaae45f9959da86",
                "sha256:7ab8a544af125fb704feadb008c99a88805126fb525280b2270bb25cc1d78a12",
                "sha256:99fcc3c8d804d1bc6d9a099921e39d827026409a58f2a720dcdb89374ea0c776",
                "sha256:aef77c9fb94a3ac588e87841208bdec464471d9871bd5050a287cc9a475cd0ba",
                "sha256:e89bf84b5437b532b0803ba5c9a5e054d21fec423a89952a74f87fa2c9b7bce2",
                "sha256:fec3e9d8e36808a28efb59b489e4528c10ad0f480e57dcc32b4de5c9d8c9fdf3"
            ],
            "version": "==0.4.8"
        },
        "pycodestyle": {
            "hashes": [
                "sha256:720f8b39dde8b293825e7ff02c475f3077124006db4f440dcbc9a20b76548a20",
                "sha256:eddd5847ef438ea1c7870ca7eb78a9d47ce0cdb4851a5523949f2601d0cbbe7f"
            ],
            "markers": "python_version >= '2.7' and python_version not in '3.0, 3.1, 3.2, 3.3, 3.4'",
            "version": "==2.8.0"
        },
        "pyflakes": {
            "hashes": [
                "sha256:05a85c2872edf37a4ed30b0cce2f6093e1d0581f8c19d7393122da7e25b2b24c",
                "sha256:3bb3a3f256f4b7968c9c788781e4ff07dce46bdf12339dcda61053375426ee2e"
            ],
            "markers": "python_version >= '2.7' and python_version not in '3.0, 3.1, 3.2, 3.3'",
            "version": "==2.4.0"
        },
        "python-dateutil": {
            "hashes": [
                "sha256:0123cacc1627ae19ddf3c27a5de5bd67ee4586fbdd6440d9748f8abb483d3e86",
                "sha256:961d03dc3453ebbc59dbdea9e4e11c5651520a876d0f4db161e8674aae935da9"
            ],
            "markers": "python_version >= '2.7' and python_version not in '3.0, 3.1, 3.2, 3.3'",
            "version": "==2.8.2"
        },
        "pyyaml": {
            "hashes": [
                "sha256:08682f6b72c722394747bddaf0aa62277e02557c0fd1c42cb853016a38f8dedf",
                "sha256:0f5f5786c0e09baddcd8b4b45f20a7b5d61a7e7e99846e3c799b05c7c53fa696",
                "sha256:129def1b7c1bf22faffd67b8f3724645203b79d8f4cc81f674654d9902cb4393",
                "sha256:294db365efa064d00b8d1ef65d8ea2c3426ac366c0c4368d930bf1c5fb497f77",
                "sha256:3b2b1824fe7112845700f815ff6a489360226a5609b96ec2190a45e62a9fc922",
                "sha256:3bd0e463264cf257d1ffd2e40223b197271046d09dadf73a0fe82b9c1fc385a5",
                "sha256:4465124ef1b18d9ace298060f4eccc64b0850899ac4ac53294547536533800c8",
                "sha256:49d4cdd9065b9b6e206d0595fee27a96b5dd22618e7520c33204a4a3239d5b10",
                "sha256:4e0583d24c881e14342eaf4ec5fbc97f934b999a6828693a99157fde912540cc",
                "sha256:5accb17103e43963b80e6f837831f38d314a0495500067cb25afab2e8d7a4018",
                "sha256:607774cbba28732bfa802b54baa7484215f530991055bb562efbed5b2f20a45e",
                "sha256:6c78645d400265a062508ae399b60b8c167bf003db364ecb26dcab2bda048253",
                "sha256:72a01f726a9c7851ca9bfad6fd09ca4e090a023c00945ea05ba1638c09dc3347",
                "sha256:74c1485f7707cf707a7aef42ef6322b8f97921bd89be2ab6317fd782c2d53183",
                "sha256:895f61ef02e8fed38159bb70f7e100e00f471eae2bc838cd0f4ebb21e28f8541",
                "sha256:8c1be557ee92a20f184922c7b6424e8ab6691788e6d86137c5d93c1a6ec1b8fb",
                "sha256:bb4191dfc9306777bc594117aee052446b3fa88737cd13b7188d0e7aa8162185",
                "sha256:bfb51918d4ff3d77c1c856a9699f8492c612cde32fd3bcd344af9be34999bfdc",
                "sha256:c20cfa2d49991c8b4147af39859b167664f2ad4561704ee74c1de03318e898db",
                "sha256:cb333c16912324fd5f769fff6bc5de372e9e7a202247b48870bc251ed40239aa",
                "sha256:d2d9808ea7b4af864f35ea216be506ecec180628aced0704e34aca0b040ffe46",
                "sha256:d483ad4e639292c90170eb6f7783ad19490e7a8defb3e46f97dfe4bacae89122",
                "sha256:dd5de0646207f053eb0d6c74ae45ba98c3395a571a2891858e87df7c9b9bd51b",
                "sha256:e1d4970ea66be07ae37a3c2e48b5ec63f7ba6804bdddfdbd3cfd954d25a82e63",
                "sha256:e4fac90784481d221a8e4b1162afa7c47ed953be40d31ab4629ae917510051df",
                "sha256:fa5ae20527d8e831e8230cbffd9f8fe952815b2b7dae6ffec25318803a7528fc",
                "sha256:fd7f6999a8070df521b6384004ef42833b9bd62cfee11a09bda1079b4b704247",
                "sha256:fdc842473cd33f45ff6bce46aea678a54e3d21f1b61a7750ce3c498eedfe25d6",
                "sha256:fe69978f3f768926cfa37b867e3843918e012cf83f680806599ddce33c2c68b0"
            ],
            "index": "pypi",
            "version": "==5.4.1"
        },
        "rsa": {
            "hashes": [
                "sha256:78f9a9bf4e7be0c5ded4583326e7461e3a3c5aae24073648b4bdfa797d78c9d2",
                "sha256:9d689e6ca1b3038bc82bf8d23e944b6b6037bc02301a574935b2dd946e0353b9"
            ],
            "markers": "python_version >= '3.5' and python_version < '4'",
            "version": "==4.7.2"
        },
        "s3transfer": {
            "hashes": [
                "sha256:06176b74f3a15f61f1b4f25a1fc29a4429040b7647133a463da8fa5bd28d5ecd",
                "sha256:2ed07d3866f523cc561bf4a00fc5535827981b117dd7876f036b0c1aca42c947"
            ],
            "markers": "python_version >= '3.7'",
            "version": "==0.6.0"
        },
        "six": {
            "hashes": [
                "sha256:1e61c37477a1626458e36f7b1d82aa5c9b094fa4802892072e49de9c60c4c926",
                "sha256:8abb2f1d86890a2dfb989f9a77cfcfd3e47c2a354b01111771326f8aa26e0254"
            ],
            "markers": "python_version >= '2.7' and python_version not in '3.0, 3.1, 3.2, 3.3'",
            "version": "==1.16.0"
        },
        "sultan": {
            "hashes": [
                "sha256:05875c5760903cf8b6db35d726cd2d211348b878fc17c89601913a42785b9e00",
                "sha256:0e4b17cbb3e2d8603916f3993fc9f2c33659933727e01ad54f674691b6ca1731"
            ],
            "index": "pypi",
            "version": "==0.9.1"
        },
        "urllib3": {
            "hashes": [
                "sha256:44ece4d53fb1706f667c9bd1c648f5469a2ec925fcf3a776667042d645472c14",
                "sha256:aabaf16477806a5e1dd19aa41f8c2b7950dd3c746362d7e3223dbe6de6ac448e"
            ],
            "markers": "python_version >= '2.7' and python_version not in '3.0, 3.1, 3.2, 3.3, 3.4' and python_version < '4'",
            "version": "==1.26.9"
        }
    },
    "develop": {}
}
